// !$*UTF8*$!
{
	archiveVersion = 1;
	classes = {
	};
	objectVersion = 55;
	objects = {

/* Begin PBXBuildFile section */
		3F886BE027E878A70006FE0A /* AppDelegate.swift in Sources */ = {isa = PBXBuildFile; fileRef = 3F886BDF27E878A70006FE0A /* AppDelegate.swift */; };
		3F886BE227E878A70006FE0A /* SceneDelegate.swift in Sources */ = {isa = PBXBuildFile; fileRef = 3F886BE127E878A70006FE0A /* SceneDelegate.swift */; };
		3F886BE427E878A70006FE0A /* ViewController.swift in Sources */ = {isa = PBXBuildFile; fileRef = 3F886BE327E878A70006FE0A /* ViewController.swift */; };
		3F886BE727E878A70006FE0A /* Main.storyboard in Resources */ = {isa = PBXBuildFile; fileRef = 3F886BE527E878A70006FE0A /* Main.storyboard */; };
		3F886BE927E878A80006FE0A /* Assets.xcassets in Resources */ = {isa = PBXBuildFile; fileRef = 3F886BE827E878A80006FE0A /* Assets.xcassets */; };
		3F886BEC27E878A80006FE0A /* LaunchScreen.storyboard in Resources */ = {isa = PBXBuildFile; fileRef = 3F886BEA27E878A80006FE0A /* LaunchScreen.storyboard */; };
		3F886BF727E878A90006FE0A /* AutoLayoutControllerTests.swift in Sources */ = {isa = PBXBuildFile; fileRef = 3F886BF627E878A90006FE0A /* AutoLayoutControllerTests.swift */; };
		3F886C0127E878A90006FE0A /* AutoLayoutControllerUITests.swift in Sources */ = {isa = PBXBuildFile; fileRef = 3F886C0027E878A90006FE0A /* AutoLayoutControllerUITests.swift */; };
		3F886C0327E878A90006FE0A /* AutoLayoutControllerUITestsLaunchTests.swift in Sources */ = {isa = PBXBuildFile; fileRef = 3F886C0227E878A90006FE0A /* AutoLayoutControllerUITestsLaunchTests.swift */; };
/* End PBXBuildFile section */

/* Begin PBXContainerItemProxy section */
		3F886BF327E878A90006FE0A /* PBXContainerItemProxy */ = {
			isa = PBXContainerItemProxy;
			containerPortal = 3F886BD427E878A60006FE0A /* Project object */;
			proxyType = 1;
			remoteGlobalIDString = 3F886BDB27E878A70006FE0A;
			remoteInfo = AutoLayoutController;
		};
		3F886BFD27E878A90006FE0A /* PBXContainerItemProxy */ = {
			isa = PBXContainerItemProxy;
			containerPortal = 3F886BD427E878A60006FE0A /* Project object */;
			proxyType = 1;
			remoteGlobalIDString = 3F886BDB27E878A70006FE0A;
			remoteInfo = AutoLayoutController;
		};
/* End PBXContainerItemProxy section */

/* Begin PBXFileReference section */
		3F886BDC27E878A70006FE0A /* AutoLayoutController.app */ = {isa = PBXFileReference; explicitFileType = wrapper.application; includeInIndex = 0; path = AutoLayoutController.app; sourceTree = BUILT_PRODUCTS_DIR; };
		3F886BDF27E878A70006FE0A /* AppDelegate.swift */ = {isa = PBXFileReference; lastKnownFileType = sourcecode.swift; path = AppDelegate.swift; sourceTree = "<group>"; };
		3F886BE127E878A70006FE0A /* SceneDelegate.swift */ = {isa = PBXFileReference; lastKnownFileType = sourcecode.swift; path = SceneDelegate.swift; sourceTree = "<group>"; };
		3F886BE327E878A70006FE0A /* ViewController.swift */ = {isa = PBXFileReference; lastKnownFileType = sourcecode.swift; path = ViewController.swift; sourceTree = "<group>"; };
		3F886BE627E878A70006FE0A /* Base */ = {isa = PBXFileReference; lastKnownFileType = file.storyboard; name = Base; path = Base.lproj/Main.storyboard; sourceTree = "<group>"; };
		3F886BE827E878A80006FE0A /* Assets.xcassets */ = {isa = PBXFileReference; lastKnownFileType = folder.assetcatalog; path = Assets.xcassets; sourceTree = "<group>"; };
		3F886BEB27E878A80006FE0A /* Base */ = {isa = PBXFileReference; lastKnownFileType = file.storyboard; name = Base; path = Base.lproj/LaunchScreen.storyboard; sourceTree = "<group>"; };
		3F886BED27E878A80006FE0A /* Info.plist */ = {isa = PBXFileReference; lastKnownFileType = text.plist.xml; path = Info.plist; sourceTree = "<group>"; };
		3F886BF227E878A90006FE0A /* AutoLayoutControllerTests.xctest */ = {isa = PBXFileReference; explicitFileType = wrapper.cfbundle; includeInIndex = 0; path = AutoLayoutControllerTests.xctest; sourceTree = BUILT_PRODUCTS_DIR; };
		3F886BF627E878A90006FE0A /* AutoLayoutControllerTests.swift */ = {isa = PBXFileReference; lastKnownFileType = sourcecode.swift; path = AutoLayoutControllerTests.swift; sourceTree = "<group>"; };
		3F886BFC27E878A90006FE0A /* AutoLayoutControllerUITests.xctest */ = {isa = PBXFileReference; explicitFileType = wrapper.cfbundle; includeInIndex = 0; path = AutoLayoutControllerUITests.xctest; sourceTree = BUILT_PRODUCTS_DIR; };
		3F886C0027E878A90006FE0A /* AutoLayoutControllerUITests.swift */ = {isa = PBXFileReference; lastKnownFileType = sourcecode.swift; path = AutoLayoutControllerUITests.swift; sourceTree = "<group>"; };
		3F886C0227E878A90006FE0A /* AutoLayoutControllerUITestsLaunchTests.swift */ = {isa = PBXFileReference; lastKnownFileType = sourcecode.swift; path = AutoLayoutControllerUITestsLaunchTests.swift; sourceTree = "<group>"; };
/* End PBXFileReference section */

/* Begin PBXFrameworksBuildPhase section */
		3F886BD927E878A70006FE0A /* Frameworks */ = {
			isa = PBXFrameworksBuildPhase;
			buildActionMask = 2147483647;
			files = (
			);
			runOnlyForDeploymentPostprocessing = 0;
		};
		3F886BEF27E878A90006FE0A /* Frameworks */ = {
			isa = PBXFrameworksBuildPhase;
			buildActionMask = 2147483647;
			files = (
			);
			runOnlyForDeploymentPostprocessing = 0;
		};
		3F886BF927E878A90006FE0A /* Frameworks */ = {
			isa = PBXFrameworksBuildPhase;
			buildActionMask = 2147483647;
			files = (
			);
			runOnlyForDeploymentPostprocessing = 0;
		};
/* End PBXFrameworksBuildPhase section */

/* Begin PBXGroup section */
		3F886BD327E878A60006FE0A = {
			isa = PBXGroup;
			children = (
				3F886BDE27E878A70006FE0A /* AutoLayoutController */,
				3F886BF527E878A90006FE0A /* AutoLayoutControllerTests */,
				3F886BFF27E878A90006FE0A /* AutoLayoutControllerUITests */,
				3F886BDD27E878A70006FE0A /* Products */,
			);
			sourceTree = "<group>";
		};
		3F886BDD27E878A70006FE0A /* Products */ = {
			isa = PBXGroup;
			children = (
				3F886BDC27E878A70006FE0A /* AutoLayoutController.app */,
				3F886BF227E878A90006FE0A /* AutoLayoutControllerTests.xctest */,
				3F886BFC27E878A90006FE0A /* AutoLayoutControllerUITests.xctest */,
			);
			name = Products;
			sourceTree = "<group>";
		};
		3F886BDE27E878A70006FE0A /* AutoLayoutController */ = {
			isa = PBXGroup;
			children = (
				3F886BDF27E878A70006FE0A /* AppDelegate.swift */,
				3F886BE127E878A70006FE0A /* SceneDelegate.swift */,
				3F886BE327E878A70006FE0A /* ViewController.swift */,
				3F886BE527E878A70006FE0A /* Main.storyboard */,
				3F886BE827E878A80006FE0A /* Assets.xcassets */,
				3F886BEA27E878A80006FE0A /* LaunchScreen.storyboard */,
				3F886BED27E878A80006FE0A /* Info.plist */,
			);
			path = AutoLayoutController;
			sourceTree = "<group>";
		};
		3F886BF527E878A90006FE0A /* AutoLayoutControllerTests */ = {
			isa = PBXGroup;
			children = (
				3F886BF627E878A90006FE0A /* AutoLayoutControllerTests.swift */,
			);
			path = AutoLayoutControllerTests;
			sourceTree = "<group>";
		};
		3F886BFF27E878A90006FE0A /* AutoLayoutControllerUITests */ = {
			isa = PBXGroup;
			children = (
				3F886C0027E878A90006FE0A /* AutoLayoutControllerUITests.swift */,
				3F886C0227E878A90006FE0A /* AutoLayoutControllerUITestsLaunchTests.swift */,
			);
			path = AutoLayoutControllerUITests;
			sourceTree = "<group>";
		};
/* End PBXGroup section */

/* Begin PBXNativeTarget section */
		3F886BDB27E878A70006FE0A /* AutoLayoutController */ = {
			isa = PBXNativeTarget;
			buildConfigurationList = 3F886C0627E878A90006FE0A /* Build configuration list for PBXNativeTarget "AutoLayoutController" */;
			buildPhases = (
				3F886BD827E878A70006FE0A /* Sources */,
				3F886BD927E878A70006FE0A /* Frameworks */,
				3F886BDA27E878A70006FE0A /* Resources */,
			);
			buildRules = (
			);
			dependencies = (
			);
			name = AutoLayoutController;
			productName = AutoLayoutController;
			productReference = 3F886BDC27E878A70006FE0A /* AutoLayoutController.app */;
			productType = "com.apple.product-type.application";
		};
		3F886BF127E878A90006FE0A /* AutoLayoutControllerTests */ = {
			isa = PBXNativeTarget;
			buildConfigurationList = 3F886C0927E878A90006FE0A /* Build configuration list for PBXNativeTarget "AutoLayoutControllerTests" */;
			buildPhases = (
				3F886BEE27E878A90006FE0A /* Sources */,
				3F886BEF27E878A90006FE0A /* Frameworks */,
				3F886BF027E878A90006FE0A /* Resources */,
			);
			buildRules = (
			);
			dependencies = (
				3F886BF427E878A90006FE0A /* PBXTargetDependency */,
			);
			name = AutoLayoutControllerTests;
			productName = AutoLayoutControllerTests;
			productReference = 3F886BF227E878A90006FE0A /* AutoLayoutControllerTests.xctest */;
			productType = "com.apple.product-type.bundle.unit-test";
		};
		3F886BFB27E878A90006FE0A /* AutoLayoutControllerUITests */ = {
			isa = PBXNativeTarget;
			buildConfigurationList = 3F886C0C27E878A90006FE0A /* Build configuration list for PBXNativeTarget "AutoLayoutControllerUITests" */;
			buildPhases = (
				3F886BF827E878A90006FE0A /* Sources */,
				3F886BF927E878A90006FE0A /* Frameworks */,
				3F886BFA27E878A90006FE0A /* Resources */,
			);
			buildRules = (
			);
			dependencies = (
				3F886BFE27E878A90006FE0A /* PBXTargetDependency */,
			);
			name = AutoLayoutControllerUITests;
			productName = AutoLayoutControllerUITests;
			productReference = 3F886BFC27E878A90006FE0A /* AutoLayoutControllerUITests.xctest */;
			productType = "com.apple.product-type.bundle.ui-testing";
		};
/* End PBXNativeTarget section */

/* Begin PBXProject section */
		3F886BD427E878A60006FE0A /* Project object */ = {
			isa = PBXProject;
			attributes = {
				BuildIndependentTargetsInParallel = 1;
				LastSwiftUpdateCheck = 1320;
				LastUpgradeCheck = 1320;
				TargetAttributes = {
					3F886BDB27E878A70006FE0A = {
						CreatedOnToolsVersion = 13.2.1;
					};
					3F886BF127E878A90006FE0A = {
						CreatedOnToolsVersion = 13.2.1;
						TestTargetID = 3F886BDB27E878A70006FE0A;
					};
					3F886BFB27E878A90006FE0A = {
						CreatedOnToolsVersion = 13.2.1;
						TestTargetID = 3F886BDB27E878A70006FE0A;
					};
				};
			};
			buildConfigurationList = 3F886BD727E878A60006FE0A /* Build configuration list for PBXProject "AutoLayoutController" */;
			compatibilityVersion = "Xcode 13.0";
			developmentRegion = en;
			hasScannedForEncodings = 0;
			knownRegions = (
				en,
				Base,
			);
			mainGroup = 3F886BD327E878A60006FE0A;
			productRefGroup = 3F886BDD27E878A70006FE0A /* Products */;
			projectDirPath = "";
			projectRoot = "";
			targets = (
				3F886BDB27E878A70006FE0A /* AutoLayoutController */,
				3F886BF127E878A90006FE0A /* AutoLayoutControllerTests */,
				3F886BFB27E878A90006FE0A /* AutoLayoutControllerUITests */,
			);
		};
/* End PBXProject section */

/* Begin PBXResourcesBuildPhase section */
		3F886BDA27E878A70006FE0A /* Resources */ = {
			isa = PBXResourcesBuildPhase;
			buildActionMask = 2147483647;
			files = (
				3F886BEC27E878A80006FE0A /* LaunchScreen.storyboard in Resources */,
				3F886BE927E878A80006FE0A /* Assets.xcassets in Resources */,
				3F886BE727E878A70006FE0A /* Main.storyboard in Resources */,
			);
			runOnlyForDeploymentPostprocessing = 0;
		};
		3F886BF027E878A90006FE0A /* Resources */ = {
			isa = PBXResourcesBuildPhase;
			buildActionMask = 2147483647;
			files = (
			);
			runOnlyForDeploymentPostprocessing = 0;
		};
		3F886BFA27E878A90006FE0A /* Resources */ = {
			isa = PBXResourcesBuildPhase;
			buildActionMask = 2147483647;
			files = (
			);
			runOnlyForDeploymentPostprocessing = 0;
		};
/* End PBXResourcesBuildPhase section */

/* Begin PBXSourcesBuildPhase section */
		3F886BD827E878A70006FE0A /* Sources */ = {
			isa = PBXSourcesBuildPhase;
			buildActionMask = 2147483647;
			files = (
				3F886BE427E878A70006FE0A /* ViewController.swift in Sources */,
				3F886BE027E878A70006FE0A /* AppDelegate.swift in Sources */,
				3F886BE227E878A70006FE0A /* SceneDelegate.swift in Sources */,
			);
			runOnlyForDeploymentPostprocessing = 0;
		};
		3F886BEE27E878A90006FE0A /* Sources */ = {
			isa = PBXSourcesBuildPhase;
			buildActionMask = 2147483647;
			files = (
				3F886BF727E878A90006FE0A /* AutoLayoutControllerTests.swift in Sources */,
			);
			runOnlyForDeploymentPostprocessing = 0;
		};
		3F886BF827E878A90006FE0A /* Sources */ = {
			isa = PBXSourcesBuildPhase;
			buildActionMask = 2147483647;
			files = (
				3F886C0127E878A90006FE0A /* AutoLayoutControllerUITests.swift in Sources */,
				3F886C0327E878A90006FE0A /* AutoLayoutControllerUITestsLaunchTests.swift in Sources */,
			);
			runOnlyForDeploymentPostprocessing = 0;
		};
/* End PBXSourcesBuildPhase section */

/* Begin PBXTargetDependency section */
		3F886BF427E878A90006FE0A /* PBXTargetDependency */ = {
			isa = PBXTargetDependency;
			target = 3F886BDB27E878A70006FE0A /* AutoLayoutController */;
			targetProxy = 3F886BF327E878A90006FE0A /* PBXContainerItemProxy */;
		};
		3F886BFE27E878A90006FE0A /* PBXTargetDependency */ = {
			isa = PBXTargetDependency;
			target = 3F886BDB27E878A70006FE0A /* AutoLayoutController */;
			targetProxy = 3F886BFD27E878A90006FE0A /* PBXContainerItemProxy */;
		};
/* End PBXTargetDependency section */

/* Begin PBXVariantGroup section */
		3F886BE527E878A70006FE0A /* Main.storyboard */ = {
			isa = PBXVariantGroup;
			children = (
				3F886BE627E878A70006FE0A /* Base */,
			);
			name = Main.storyboard;
			sourceTree = "<group>";
		};
		3F886BEA27E878A80006FE0A /* LaunchScreen.storyboard */ = {
			isa = PBXVariantGroup;
			children = (
				3F886BEB27E878A80006FE0A /* Base */,
			);
			name = LaunchScreen.storyboard;
			sourceTree = "<group>";
		};
/* End PBXVariantGroup section */

/* Begin XCBuildConfiguration section */
		3F886C0427E878A90006FE0A /* Debug */ = {
			isa = XCBuildConfiguration;
			buildSettings = {
				ALWAYS_SEARCH_USER_PATHS = NO;
				CLANG_ANALYZER_NONNULL = YES;
				CLANG_ANALYZER_NUMBER_OBJECT_CONVERSION = YES_AGGRESSIVE;
				CLANG_CXX_LANGUAGE_STANDARD = "gnu++17";
				CLANG_CXX_LIBRARY = "libc++";
				CLANG_ENABLE_MODULES = YES;
				CLANG_ENABLE_OBJC_ARC = YES;
				CLANG_ENABLE_OBJC_WEAK = YES;
				CLANG_WARN_BLOCK_CAPTURE_AUTORELEASING = YES;
				CLANG_WARN_BOOL_CONVERSION = YES;
				CLANG_WARN_COMMA = YES;
				CLANG_WARN_CONSTANT_CONVERSION = YES;
				CLANG_WARN_DEPRECATED_OBJC_IMPLEMENTATIONS = YES;
				CLANG_WARN_DIRECT_OBJC_ISA_USAGE = YES_ERROR;
				CLANG_WARN_DOCUMENTATION_COMMENTS = YES;
				CLANG_WARN_EMPTY_BODY = YES;
				CLANG_WARN_ENUM_CONVERSION = YES;
				CLANG_WARN_INFINITE_RECURSION = YES;
				CLANG_WARN_INT_CONVERSION = YES;
				CLANG_WARN_NON_LITERAL_NULL_CONVERSION = YES;
				CLANG_WARN_OBJC_IMPLICIT_RETAIN_SELF = YES;
				CLANG_WARN_OBJC_LITERAL_CONVERSION = YES;
				CLANG_WARN_OBJC_ROOT_CLASS = YES_ERROR;
				CLANG_WARN_QUOTED_INCLUDE_IN_FRAMEWORK_HEADER = YES;
				CLANG_WARN_RANGE_LOOP_ANALYSIS = YES;
				CLANG_WARN_STRICT_PROTOTYPES = YES;
				CLANG_WARN_SUSPICIOUS_MOVE = YES;
				CLANG_WARN_UNGUARDED_AVAILABILITY = YES_AGGRESSIVE;
				CLANG_WARN_UNREACHABLE_CODE = YES;
				CLANG_WARN__DUPLICATE_METHOD_MATCH = YES;
				COPY_PHASE_STRIP = NO;
				DEBUG_INFORMATION_FORMAT = dwarf;
				ENABLE_STRICT_OBJC_MSGSEND = YES;
				ENABLE_TESTABILITY = YES;
				GCC_C_LANGUAGE_STANDARD = gnu11;
				GCC_DYNAMIC_NO_PIC = NO;
				GCC_NO_COMMON_BLOCKS = YES;
				GCC_OPTIMIZATION_LEVEL = 0;
				GCC_PREPROCESSOR_DEFINITIONS = (
					"DEBUG=1",
					"$(inherited)",
				);
				GCC_WARN_64_TO_32_BIT_CONVERSION = YES;
				GCC_WARN_ABOUT_RETURN_TYPE = YES_ERROR;
				GCC_WARN_UNDECLARED_SELECTOR = YES;
				GCC_WARN_UNINITIALIZED_AUTOS = YES_AGGRESSIVE;
				GCC_WARN_UNUSED_FUNCTION = YES;
				GCC_WARN_UNUSED_VARIABLE = YES;
				IPHONEOS_DEPLOYMENT_TARGET = 15.2;
				MTL_ENABLE_DEBUG_INFO = INCLUDE_SOURCE;
				MTL_FAST_MATH = YES;
				ONLY_ACTIVE_ARCH = YES;
				SDKROOT = iphoneos;
				SWIFT_ACTIVE_COMPILATION_CONDITIONS = DEBUG;
				SWIFT_OPTIMIZATION_LEVEL = "-Onone";
			};
			name = Debug;
		};
		3F886C0527E878A90006FE0A /* Release */ = {
			isa = XCBuildConfiguration;
			buildSettings = {
				ALWAYS_SEARCH_USER_PATHS = NO;
				CLANG_ANALYZER_NONNULL = YES;
				CLANG_ANALYZER_NUMBER_OBJECT_CONVERSION = YES_AGGRESSIVE;
				CLANG_CXX_LANGUAGE_STANDARD = "gnu++17";
				CLANG_CXX_LIBRARY = "libc++";
				CLANG_ENABLE_MODULES = YES;
				CLANG_ENABLE_OBJC_ARC = YES;
				CLANG_ENABLE_OBJC_WEAK = YES;
				CLANG_WARN_BLOCK_CAPTURE_AUTORELEASING = YES;
				CLANG_WARN_BOOL_CONVERSION = YES;
				CLANG_WARN_COMMA = YES;
				CLANG_WARN_CONSTANT_CONVERSION = YES;
				CLANG_WARN_DEPRECATED_OBJC_IMPLEMENTATIONS = YES;
				CLANG_WARN_DIRECT_OBJC_ISA_USAGE = YES_ERROR;
				CLANG_WARN_DOCUMENTATION_COMMENTS = YES;
				CLANG_WARN_EMPTY_BODY = YES;
				CLANG_WARN_ENUM_CONVERSION = YES;
				CLANG_WARN_INFINITE_RECURSION = YES;
				CLANG_WARN_INT_CONVERSION = YES;
				CLANG_WARN_NON_LITERAL_NULL_CONVERSION = YES;
				CLANG_WARN_OBJC_IMPLICIT_RETAIN_SELF = YES;
				CLANG_WARN_OBJC_LITERAL_CONVERSION = YES;
				CLANG_WARN_OBJC_ROOT_CLASS = YES_ERROR;
				CLANG_WARN_QUOTED_INCLUDE_IN_FRAMEWORK_HEADER = YES;
				CLANG_WARN_RANGE_LOOP_ANALYSIS = YES;
				CLANG_WARN_STRICT_PROTOTYPES = YES;
				CLANG_WARN_SUSPICIOUS_MOVE = YES;
				CLANG_WARN_UNGUARDED_AVAILABILITY = YES_AGGRESSIVE;
				CLANG_WARN_UNREACHABLE_CODE = YES;
				CLANG_WARN__DUPLICATE_METHOD_MATCH = YES;
				COPY_PHASE_STRIP = NO;
				DEBUG_INFORMATION_FORMAT = "dwarf-with-dsym";
				ENABLE_NS_ASSERTIONS = NO;
				ENABLE_STRICT_OBJC_MSGSEND = YES;
				GCC_C_LANGUAGE_STANDARD = gnu11;
				GCC_NO_COMMON_BLOCKS = YES;
				GCC_WARN_64_TO_32_BIT_CONVERSION = YES;
				GCC_WARN_ABOUT_RETURN_TYPE = YES_ERROR;
				GCC_WARN_UNDECLARED_SELECTOR = YES;
				GCC_WARN_UNINITIALIZED_AUTOS = YES_AGGRESSIVE;
				GCC_WARN_UNUSED_FUNCTION = YES;
				GCC_WARN_UNUSED_VARIABLE = YES;
				IPHONEOS_DEPLOYMENT_TARGET = 15.2;
				MTL_ENABLE_DEBUG_INFO = NO;
				MTL_FAST_MATH = YES;
				SDKROOT = iphoneos;
				SWIFT_COMPILATION_MODE = wholemodule;
				SWIFT_OPTIMIZATION_LEVEL = "-O";
				VALIDATE_PRODUCT = YES;
			};
			name = Release;
		};
		3F886C0727E878A90006FE0A /* Debug */ = {
			isa = XCBuildConfiguration;
			buildSettings = {
				ASSETCATALOG_COMPILER_APPICON_NAME = AppIcon;
				ASSETCATALOG_COMPILER_GLOBAL_ACCENT_COLOR_NAME = AccentColor;
				CODE_SIGN_STYLE = Automatic;
				CURRENT_PROJECT_VERSION = 1;
				GENERATE_INFOPLIST_FILE = YES;
				INFOPLIST_FILE = AutoLayoutController/Info.plist;
				INFOPLIST_KEY_UIApplicationSupportsIndirectInputEvents = YES;
				INFOPLIST_KEY_UILaunchStoryboardName = LaunchScreen;
				INFOPLIST_KEY_UIMainStoryboardFile = Main;
				INFOPLIST_KEY_UISupportedInterfaceOrientations_iPad = "UIInterfaceOrientationPortrait UIInterfaceOrientationPortraitUpsideDown UIInterfaceOrientationLandscapeLeft UIInterfaceOrientationLandscapeRight";
				INFOPLIST_KEY_UISupportedInterfaceOrientations_iPhone = "UIInterfaceOrientationPortrait UIInterfaceOrientationLandscapeLeft UIInterfaceOrientationLandscapeRight";
				LD_RUNPATH_SEARCH_PATHS = (
					"$(inherited)",
					"@executable_path/Frameworks",
				);
				MARKETING_VERSION = 1.0;
				PRODUCT_BUNDLE_IDENTIFIER = com.example.AutoLayoutController;
				PRODUCT_NAME = "$(TARGET_NAME)";
				SWIFT_EMIT_LOC_STRINGS = YES;
				SWIFT_VERSION = 5.0;
				TARGETED_DEVICE_FAMILY = "1,2";
			};
			name = Debug;
		};
		3F886C0827E878A90006FE0A /* Release */ = {
			isa = XCBuildConfiguration;
			buildSettings = {
				ASSETCATALOG_COMPILER_APPICON_NAME = AppIcon;
				ASSETCATALOG_COMPILER_GLOBAL_ACCENT_COLOR_NAME = AccentColor;
				CODE_SIGN_STYLE = Automatic;
				CURRENT_PROJECT_VERSION = 1;
				GENERATE_INFOPLIST_FILE = YES;
				INFOPLIST_FILE = AutoLayoutController/Info.plist;
				INFOPLIST_KEY_UIApplicationSupportsIndirectInputEvents = YES;
				INFOPLIST_KEY_UILaunchStoryboardName = LaunchScreen;
				INFOPLIST_KEY_UIMainStoryboardFile = Main;
				INFOPLIST_KEY_UISupportedInterfaceOrientations_iPad = "UIInterfaceOrientationPortrait UIInterfaceOrientationPortraitUpsideDown UIInterfaceOrientationLandscapeLeft UIInterfaceOrientationLandscapeRight";
				INFOPLIST_KEY_UISupportedInterfaceOrientations_iPhone = "UIInterfaceOrientationPortrait UIInterfaceOrientationLandscapeLeft UIInterfaceOrientationLandscapeRight";
				LD_RUNPATH_SEARCH_PATHS = (
					"$(inherited)",
					"@executable_path/Frameworks",
				);
				MARKETING_VERSION = 1.0;
				PRODUCT_BUNDLE_IDENTIFIER = com.example.AutoLayoutController;
				PRODUCT_NAME = "$(TARGET_NAME)";
				SWIFT_EMIT_LOC_STRINGS = YES;
				SWIFT_VERSION = 5.0;
				TARGETED_DEVICE_FAMILY = "1,2";
			};
			name = Release;
		};
		3F886C0A27E878A90006FE0A /* Debug */ = {
			isa = XCBuildConfiguration;
			buildSettings = {
				ALWAYS_EMBED_SWIFT_STANDARD_LIBRARIES = YES;
				BUNDLE_LOADER = "$(TEST_HOST)";
				CODE_SIGN_STYLE = Automatic;
				CURRENT_PROJECT_VERSION = 1;
				GENERATE_INFOPLIST_FILE = YES;
				IPHONEOS_DEPLOYMENT_TARGET = 15.2;
				MARKETING_VERSION = 1.0;
				PRODUCT_BUNDLE_IDENTIFIER = com.example.AutoLayoutControllerTests;
				PRODUCT_NAME = "$(TARGET_NAME)";
				SWIFT_EMIT_LOC_STRINGS = NO;
				SWIFT_VERSION = 5.0;
				TARGETED_DEVICE_FAMILY = "1,2";
				TEST_HOST = "$(BUILT_PRODUCTS_DIR)/AutoLayoutController.app/AutoLayoutController";
			};
			name = Debug;
		};
		3F886C0B27E878A90006FE0A /* Release */ = {
			isa = XCBuildConfiguration;
			buildSettings = {
				ALWAYS_EMBED_SWIFT_STANDARD_LIBRARIES = YES;
				BUNDLE_LOADER = "$(TEST_HOST)";
				CODE_SIGN_STYLE = Automatic;
				CURRENT_PROJECT_VERSION = 1;
				GENERATE_INFOPLIST_FILE = YES;
				IPHONEOS_DEPLOYMENT_TARGET = 15.2;
				MARKETING_VERSION = 1.0;
				PRODUCT_BUNDLE_IDENTIFIER = com.example.AutoLayoutControllerTests;
				PRODUCT_NAME = "$(TARGET_NAME)";
				SWIFT_EMIT_LOC_STRINGS = NO;
				SWIFT_VERSION = 5.0;
				TARGETED_DEVICE_FAMILY = "1,2";
				TEST_HOST = "$(BUILT_PRODUCTS_DIR)/AutoLayoutController.app/AutoLayoutController";
			};
			name = Release;
		};
		3F886C0D27E878A90006FE0A /* Debug */ = {
			isa = XCBuildConfiguration;
			buildSettings = {
				ALWAYS_EMBED_SWIFT_STANDARD_LIBRARIES = YES;
				CODE_SIGN_STYLE = Automatic;
				CURRENT_PROJECT_VERSION = 1;
				GENERATE_INFOPLIST_FILE = YES;
				MARKETING_VERSION = 1.0;
				PRODUCT_BUNDLE_IDENTIFIER = com.example.AutoLayoutControllerUITests;
				PRODUCT_NAME = "$(TARGET_NAME)";
				SWIFT_EMIT_LOC_STRINGS = NO;
				SWIFT_VERSION = 5.0;
				TARGETED_DEVICE_FAMILY = "1,2";
				TEST_TARGET_NAME = AutoLayoutController;
			};
			name = Debug;
		};
		3F886C0E27E878A90006FE0A /* Release */ = {
			isa = XCBuildConfiguration;
			buildSettings = {
				ALWAYS_EMBED_SWIFT_STANDARD_LIBRARIES = YES;
				CODE_SIGN_STYLE = Automatic;
				CURRENT_PROJECT_VERSION = 1;
				GENERATE_INFOPLIST_FILE = YES;
				MARKETING_VERSION = 1.0;
				PRODUCT_BUNDLE_IDENTIFIER = com.example.AutoLayoutControllerUITests;
				PRODUCT_NAME = "$(TARGET_NAME)";
				SWIFT_EMIT_LOC_STRINGS = NO;
				SWIFT_VERSION = 5.0;
				TARGETED_DEVICE_FAMILY = "1,2";
				TEST_TARGET_NAME = AutoLayoutController;
			};
			name = Release;
		};
/* End XCBuildConfiguration section */

/* Begin XCConfigurationList section */
		3F886BD727E878A60006FE0A /* Build configuration list for PBXProject "AutoLayoutController" */ = {
			isa = XCConfigurationList;
			buildConfigurations = (
				3F886C0427E878A90006FE0A /* Debug */,
				3F886C0527E878A90006FE0A /* Release */,
			);
			defaultConfigurationIsVisible = 0;
			defaultConfigurationName = Release;
		};
		3F886C0627E878A90006FE0A /* Build configuration list for PBXNativeTarget "AutoLayoutController" */ = {
			isa = XCConfigurationList;
			buildConfigurations = (
				3F886C0727E878A90006FE0A /* Debug */,
				3F886C0827E878A90006FE0A /* Release */,
			);
			defaultConfigurationIsVisible = 0;
			defaultConfigurationName = Release;
		};
		3F886C0927E878A90006FE0A /* Build configuration list for PBXNativeTarget "AutoLayoutControllerTests" */ = {
			isa = XCConfigurationList;
			buildConfigurations = (
				3F886C0A27E878A90006FE0A /* Debug */,
				3F886C0B27E878A90006FE0A /* Release */,
			);
			defaultConfigurationIsVisible = 0;
			defaultConfigurationName = Release;
		};
		3F886C0C27E878A90006FE0A /* Build configuration list for PBXNativeTarget "AutoLayoutControllerUITests" */ = {
			isa = XCConfigurationList;
			buildConfigurations = (
				3F886C0D27E878A90006FE0A /* Debug */,
				3F886C0E27E878A90006FE0A /* Release */,
			);
			defaultConfigurationIsVisible = 0;
			defaultConfigurationName = Release;
		};
/* End XCConfigurationList section */
	};
	rootObject = 3F886BD427E878A60006FE0A /* Project object */;
}
