// !$*UTF8*$!
{
	archiveVersion = 1;
	classes = {
	};
	objectVersion = 55;
	objects = {

/* Begin PBXBuildFile section */
		3F02345627F1CE7F00E508C1 /* AppDelegate.swift in Sources */ = {isa = PBXBuildFile; fileRef = 3F02345527F1CE7F00E508C1 /* AppDelegate.swift */; };
		3F02345827F1CE7F00E508C1 /* SceneDelegate.swift in Sources */ = {isa = PBXBuildFile; fileRef = 3F02345727F1CE7F00E508C1 /* SceneDelegate.swift */; };
		3F02345A27F1CE7F00E508C1 /* ViewController.swift in Sources */ = {isa = PBXBuildFile; fileRef = 3F02345927F1CE7F00E508C1 /* ViewController.swift */; };
		3F02345D27F1CE7F00E508C1 /* Main.storyboard in Resources */ = {isa = PBXBuildFile; fileRef = 3F02345B27F1CE7F00E508C1 /* Main.storyboard */; };
		3F02345F27F1CE8000E508C1 /* Assets.xcassets in Resources */ = {isa = PBXBuildFile; fileRef = 3F02345E27F1CE8000E508C1 /* Assets.xcassets */; };
		3F02346227F1CE8000E508C1 /* LaunchScreen.storyboard in Resources */ = {isa = PBXBuildFile; fileRef = 3F02346027F1CE8000E508C1 /* LaunchScreen.storyboard */; };
		3F02346D27F1CE8000E508C1 /* StackViewControllerTests.swift in Sources */ = {isa = PBXBuildFile; fileRef = 3F02346C27F1CE8000E508C1 /* StackViewControllerTests.swift */; };
		3F02347727F1CE8000E508C1 /* StackViewControllerUITests.swift in Sources */ = {isa = PBXBuildFile; fileRef = 3F02347627F1CE8000E508C1 /* StackViewControllerUITests.swift */; };
		3F02347927F1CE8000E508C1 /* StackViewControllerUITestsLaunchTests.swift in Sources */ = {isa = PBXBuildFile; fileRef = 3F02347827F1CE8000E508C1 /* StackViewControllerUITestsLaunchTests.swift */; };
/* End PBXBuildFile section */

/* Begin PBXContainerItemProxy section */
		3F02346927F1CE8000E508C1 /* PBXContainerItemProxy */ = {
			isa = PBXContainerItemProxy;
			containerPortal = 3F02344A27F1CE7F00E508C1 /* Project object */;
			proxyType = 1;
			remoteGlobalIDString = 3F02345127F1CE7F00E508C1;
			remoteInfo = StackViewController;
		};
		3F02347327F1CE8000E508C1 /* PBXContainerItemProxy */ = {
			isa = PBXContainerItemProxy;
			containerPortal = 3F02344A27F1CE7F00E508C1 /* Project object */;
			proxyType = 1;
			remoteGlobalIDString = 3F02345127F1CE7F00E508C1;
			remoteInfo = StackViewController;
		};
/* End PBXContainerItemProxy section */

/* Begin PBXFileReference section */
		3F02345227F1CE7F00E508C1 /* StackViewController.app */ = {isa = PBXFileReference; explicitFileType = wrapper.application; includeInIndex = 0; path = StackViewController.app; sourceTree = BUILT_PRODUCTS_DIR; };
		3F02345527F1CE7F00E508C1 /* AppDelegate.swift */ = {isa = PBXFileReference; lastKnownFileType = sourcecode.swift; path = AppDelegate.swift; sourceTree = "<group>"; };
		3F02345727F1CE7F00E508C1 /* SceneDelegate.swift */ = {isa = PBXFileReference; lastKnownFileType = sourcecode.swift; path = SceneDelegate.swift; sourceTree = "<group>"; };
		3F02345927F1CE7F00E508C1 /* ViewController.swift */ = {isa = PBXFileReference; lastKnownFileType = sourcecode.swift; path = ViewController.swift; sourceTree = "<group>"; };
		3F02345C27F1CE7F00E508C1 /* Base */ = {isa = PBXFileReference; lastKnownFileType = file.storyboard; name = Base; path = Base.lproj/Main.storyboard; sourceTree = "<group>"; };
		3F02345E27F1CE8000E508C1 /* Assets.xcassets */ = {isa = PBXFileReference; lastKnownFileType = folder.assetcatalog; path = Assets.xcassets; sourceTree = "<group>"; };
		3F02346127F1CE8000E508C1 /* Base */ = {isa = PBXFileReference; lastKnownFileType = file.storyboard; name = Base; path = Base.lproj/LaunchScreen.storyboard; sourceTree = "<group>"; };
		3F02346327F1CE8000E508C1 /* Info.plist */ = {isa = PBXFileReference; lastKnownFileType = text.plist.xml; path = Info.plist; sourceTree = "<group>"; };
		3F02346827F1CE8000E508C1 /* StackViewControllerTests.xctest */ = {isa = PBXFileReference; explicitFileType = wrapper.cfbundle; includeInIndex = 0; path = StackViewControllerTests.xctest; sourceTree = BUILT_PRODUCTS_DIR; };
		3F02346C27F1CE8000E508C1 /* StackViewControllerTests.swift */ = {isa = PBXFileReference; lastKnownFileType = sourcecode.swift; path = StackViewControllerTests.swift; sourceTree = "<group>"; };
		3F02347227F1CE8000E508C1 /* StackViewControllerUITests.xctest */ = {isa = PBXFileReference; explicitFileType = wrapper.cfbundle; includeInIndex = 0; path = StackViewControllerUITests.xctest; sourceTree = BUILT_PRODUCTS_DIR; };
		3F02347627F1CE8000E508C1 /* StackViewControllerUITests.swift */ = {isa = PBXFileReference; lastKnownFileType = sourcecode.swift; path = StackViewControllerUITests.swift; sourceTree = "<group>"; };
		3F02347827F1CE8000E508C1 /* StackViewControllerUITestsLaunchTests.swift */ = {isa = PBXFileReference; lastKnownFileType = sourcecode.swift; path = StackViewControllerUITestsLaunchTests.swift; sourceTree = "<group>"; };
/* End PBXFileReference section */

/* Begin PBXFrameworksBuildPhase section */
		3F02344F27F1CE7F00E508C1 /* Frameworks */ = {
			isa = PBXFrameworksBuildPhase;
			buildActionMask = 2147483647;
			files = (
			);
			runOnlyForDeploymentPostprocessing = 0;
		};
		3F02346527F1CE8000E508C1 /* Frameworks */ = {
			isa = PBXFrameworksBuildPhase;
			buildActionMask = 2147483647;
			files = (
			);
			runOnlyForDeploymentPostprocessing = 0;
		};
		3F02346F27F1CE8000E508C1 /* Frameworks */ = {
			isa = PBXFrameworksBuildPhase;
			buildActionMask = 2147483647;
			files = (
			);
			runOnlyForDeploymentPostprocessing = 0;
		};
/* End PBXFrameworksBuildPhase section */

/* Begin PBXGroup section */
		3F02344927F1CE7F00E508C1 = {
			isa = PBXGroup;
			children = (
				3F02345427F1CE7F00E508C1 /* StackViewController */,
				3F02346B27F1CE8000E508C1 /* StackViewControllerTests */,
				3F02347527F1CE8000E508C1 /* StackViewControllerUITests */,
				3F02345327F1CE7F00E508C1 /* Products */,
			);
			sourceTree = "<group>";
		};
		3F02345327F1CE7F00E508C1 /* Products */ = {
			isa = PBXGroup;
			children = (
				3F02345227F1CE7F00E508C1 /* StackViewController.app */,
				3F02346827F1CE8000E508C1 /* StackViewControllerTests.xctest */,
				3F02347227F1CE8000E508C1 /* StackViewControllerUITests.xctest */,
			);
			name = Products;
			sourceTree = "<group>";
		};
		3F02345427F1CE7F00E508C1 /* StackViewController */ = {
			isa = PBXGroup;
			children = (
				3F02345527F1CE7F00E508C1 /* AppDelegate.swift */,
				3F02345727F1CE7F00E508C1 /* SceneDelegate.swift */,
				3F02345927F1CE7F00E508C1 /* ViewController.swift */,
				3F02345B27F1CE7F00E508C1 /* Main.storyboard */,
				3F02345E27F1CE8000E508C1 /* Assets.xcassets */,
				3F02346027F1CE8000E508C1 /* LaunchScreen.storyboard */,
				3F02346327F1CE8000E508C1 /* Info.plist */,
			);
			path = StackViewController;
			sourceTree = "<group>";
		};
		3F02346B27F1CE8000E508C1 /* StackViewControllerTests */ = {
			isa = PBXGroup;
			children = (
				3F02346C27F1CE8000E508C1 /* StackViewControllerTests.swift */,
			);
			path = StackViewControllerTests;
			sourceTree = "<group>";
		};
		3F02347527F1CE8000E508C1 /* StackViewControllerUITests */ = {
			isa = PBXGroup;
			children = (
				3F02347627F1CE8000E508C1 /* StackViewControllerUITests.swift */,
				3F02347827F1CE8000E508C1 /* StackViewControllerUITestsLaunchTests.swift */,
			);
			path = StackViewControllerUITests;
			sourceTree = "<group>";
		};
/* End PBXGroup section */

/* Begin PBXNativeTarget section */
		3F02345127F1CE7F00E508C1 /* StackViewController */ = {
			isa = PBXNativeTarget;
			buildConfigurationList = 3F02347C27F1CE8000E508C1 /* Build configuration list for PBXNativeTarget "StackViewController" */;
			buildPhases = (
				3F02344E27F1CE7F00E508C1 /* Sources */,
				3F02344F27F1CE7F00E508C1 /* Frameworks */,
				3F02345027F1CE7F00E508C1 /* Resources */,
			);
			buildRules = (
			);
			dependencies = (
			);
			name = StackViewController;
			productName = StackViewController;
			productReference = 3F02345227F1CE7F00E508C1 /* StackViewController.app */;
			productType = "com.apple.product-type.application";
		};
		3F02346727F1CE8000E508C1 /* StackViewControllerTests */ = {
			isa = PBXNativeTarget;
			buildConfigurationList = 3F02347F27F1CE8000E508C1 /* Build configuration list for PBXNativeTarget "StackViewControllerTests" */;
			buildPhases = (
				3F02346427F1CE8000E508C1 /* Sources */,
				3F02346527F1CE8000E508C1 /* Frameworks */,
				3F02346627F1CE8000E508C1 /* Resources */,
			);
			buildRules = (
			);
			dependencies = (
				3F02346A27F1CE8000E508C1 /* PBXTargetDependency */,
			);
			name = StackViewControllerTests;
			productName = StackViewControllerTests;
			productReference = 3F02346827F1CE8000E508C1 /* StackViewControllerTests.xctest */;
			productType = "com.apple.product-type.bundle.unit-test";
		};
		3F02347127F1CE8000E508C1 /* StackViewControllerUITests */ = {
			isa = PBXNativeTarget;
			buildConfigurationList = 3F02348227F1CE8000E508C1 /* Build configuration list for PBXNativeTarget "StackViewControllerUITests" */;
			buildPhases = (
				3F02346E27F1CE8000E508C1 /* Sources */,
				3F02346F27F1CE8000E508C1 /* Frameworks */,
				3F02347027F1CE8000E508C1 /* Resources */,
			);
			buildRules = (
			);
			dependencies = (
				3F02347427F1CE8000E508C1 /* PBXTargetDependency */,
			);
			name = StackViewControllerUITests;
			productName = StackViewControllerUITests;
			productReference = 3F02347227F1CE8000E508C1 /* StackViewControllerUITests.xctest */;
			productType = "com.apple.product-type.bundle.ui-testing";
		};
/* End PBXNativeTarget section */

/* Begin PBXProject section */
		3F02344A27F1CE7F00E508C1 /* Project object */ = {
			isa = PBXProject;
			attributes = {
				BuildIndependentTargetsInParallel = 1;
				LastSwiftUpdateCheck = 1320;
				LastUpgradeCheck = 1320;
				TargetAttributes = {
					3F02345127F1CE7F00E508C1 = {
						CreatedOnToolsVersion = 13.2.1;
					};
					3F02346727F1CE8000E508C1 = {
						CreatedOnToolsVersion = 13.2.1;
						TestTargetID = 3F02345127F1CE7F00E508C1;
					};
					3F02347127F1CE8000E508C1 = {
						CreatedOnToolsVersion = 13.2.1;
						TestTargetID = 3F02345127F1CE7F00E508C1;
					};
				};
			};
			buildConfigurationList = 3F02344D27F1CE7F00E508C1 /* Build configuration list for PBXProject "StackViewController" */;
			compatibilityVersion = "Xcode 13.0";
			developmentRegion = en;
			hasScannedForEncodings = 0;
			knownRegions = (
				en,
				Base,
			);
			mainGroup = 3F02344927F1CE7F00E508C1;
			productRefGroup = 3F02345327F1CE7F00E508C1 /* Products */;
			projectDirPath = "";
			projectRoot = "";
			targets = (
				3F02345127F1CE7F00E508C1 /* StackViewController */,
				3F02346727F1CE8000E508C1 /* StackViewControllerTests */,
				3F02347127F1CE8000E508C1 /* StackViewControllerUITests */,
			);
		};
/* End PBXProject section */

/* Begin PBXResourcesBuildPhase section */
		3F02345027F1CE7F00E508C1 /* Resources */ = {
			isa = PBXResourcesBuildPhase;
			buildActionMask = 2147483647;
			files = (
				3F02346227F1CE8000E508C1 /* LaunchScreen.storyboard in Resources */,
				3F02345F27F1CE8000E508C1 /* Assets.xcassets in Resources */,
				3F02345D27F1CE7F00E508C1 /* Main.storyboard in Resources */,
			);
			runOnlyForDeploymentPostprocessing = 0;
		};
		3F02346627F1CE8000E508C1 /* Resources */ = {
			isa = PBXResourcesBuildPhase;
			buildActionMask = 2147483647;
			files = (
			);
			runOnlyForDeploymentPostprocessing = 0;
		};
		3F02347027F1CE8000E508C1 /* Resources */ = {
			isa = PBXResourcesBuildPhase;
			buildActionMask = 2147483647;
			files = (
			);
			runOnlyForDeploymentPostprocessing = 0;
		};
/* End PBXResourcesBuildPhase section */

/* Begin PBXSourcesBuildPhase section */
		3F02344E27F1CE7F00E508C1 /* Sources */ = {
			isa = PBXSourcesBuildPhase;
			buildActionMask = 2147483647;
			files = (
				3F02345A27F1CE7F00E508C1 /* ViewController.swift in Sources */,
				3F02345627F1CE7F00E508C1 /* AppDelegate.swift in Sources */,
				3F02345827F1CE7F00E508C1 /* SceneDelegate.swift in Sources */,
			);
			runOnlyForDeploymentPostprocessing = 0;
		};
		3F02346427F1CE8000E508C1 /* Sources */ = {
			isa = PBXSourcesBuildPhase;
			buildActionMask = 2147483647;
			files = (
				3F02346D27F1CE8000E508C1 /* StackViewControllerTests.swift in Sources */,
			);
			runOnlyForDeploymentPostprocessing = 0;
		};
		3F02346E27F1CE8000E508C1 /* Sources */ = {
			isa = PBXSourcesBuildPhase;
			buildActionMask = 2147483647;
			files = (
				3F02347927F1CE8000E508C1 /* StackViewControllerUITestsLaunchTests.swift in Sources */,
				3F02347727F1CE8000E508C1 /* StackViewControllerUITests.swift in Sources */,
			);
			runOnlyForDeploymentPostprocessing = 0;
		};
/* End PBXSourcesBuildPhase section */

/* Begin PBXTargetDependency section */
		3F02346A27F1CE8000E508C1 /* PBXTargetDependency */ = {
			isa = PBXTargetDependency;
			target = 3F02345127F1CE7F00E508C1 /* StackViewController */;
			targetProxy = 3F02346927F1CE8000E508C1 /* PBXContainerItemProxy */;
		};
		3F02347427F1CE8000E508C1 /* PBXTargetDependency */ = {
			isa = PBXTargetDependency;
			target = 3F02345127F1CE7F00E508C1 /* StackViewController */;
			targetProxy = 3F02347327F1CE8000E508C1 /* PBXContainerItemProxy */;
		};
/* End PBXTargetDependency section */

/* Begin PBXVariantGroup section */
		3F02345B27F1CE7F00E508C1 /* Main.storyboard */ = {
			isa = PBXVariantGroup;
			children = (
				3F02345C27F1CE7F00E508C1 /* Base */,
			);
			name = Main.storyboard;
			sourceTree = "<group>";
		};
		3F02346027F1CE8000E508C1 /* LaunchScreen.storyboard */ = {
			isa = PBXVariantGroup;
			children = (
				3F02346127F1CE8000E508C1 /* Base */,
			);
			name = LaunchScreen.storyboard;
			sourceTree = "<group>";
		};
/* End PBXVariantGroup section */

/* Begin XCBuildConfiguration section */
		3F02347A27F1CE8000E508C1 /* Debug */ = {
			isa = XCBuildConfiguration;
			buildSettings = {
				ALWAYS_SEARCH_USER_PATHS = NO;
				CLANG_ANALYZER_NONNULL = YES;
				CLANG_ANALYZER_NUMBER_OBJECT_CONVERSION = YES_AGGRESSIVE;
				CLANG_CXX_LANGUAGE_STANDARD = "gnu++17";
				CLANG_CXX_LIBRARY = "libc++";
				CLANG_ENABLE_MODULES = YES;
				CLANG_ENABLE_OBJC_ARC = YES;
				CLANG_ENABLE_OBJC_WEAK = YES;
				CLANG_WARN_BLOCK_CAPTURE_AUTORELEASING = YES;
				CLANG_WARN_BOOL_CONVERSION = YES;
				CLANG_WARN_COMMA = YES;
				CLANG_WARN_CONSTANT_CONVERSION = YES;
				CLANG_WARN_DEPRECATED_OBJC_IMPLEMENTATIONS = YES;
				CLANG_WARN_DIRECT_OBJC_ISA_USAGE = YES_ERROR;
				CLANG_WARN_DOCUMENTATION_COMMENTS = YES;
				CLANG_WARN_EMPTY_BODY = YES;
				CLANG_WARN_ENUM_CONVERSION = YES;
				CLANG_WARN_INFINITE_RECURSION = YES;
				CLANG_WARN_INT_CONVERSION = YES;
				CLANG_WARN_NON_LITERAL_NULL_CONVERSION = YES;
				CLANG_WARN_OBJC_IMPLICIT_RETAIN_SELF = YES;
				CLANG_WARN_OBJC_LITERAL_CONVERSION = YES;
				CLANG_WARN_OBJC_ROOT_CLASS = YES_ERROR;
				CLANG_WARN_QUOTED_INCLUDE_IN_FRAMEWORK_HEADER = YES;
				CLANG_WARN_RANGE_LOOP_ANALYSIS = YES;
				CLANG_WARN_STRICT_PROTOTYPES = YES;
				CLANG_WARN_SUSPICIOUS_MOVE = YES;
				CLANG_WARN_UNGUARDED_AVAILABILITY = YES_AGGRESSIVE;
				CLANG_WARN_UNREACHABLE_CODE = YES;
				CLANG_WARN__DUPLICATE_METHOD_MATCH = YES;
				COPY_PHASE_STRIP = NO;
				DEBUG_INFORMATION_FORMAT = dwarf;
				ENABLE_STRICT_OBJC_MSGSEND = YES;
				ENABLE_TESTABILITY = YES;
				GCC_C_LANGUAGE_STANDARD = gnu11;
				GCC_DYNAMIC_NO_PIC = NO;
				GCC_NO_COMMON_BLOCKS = YES;
				GCC_OPTIMIZATION_LEVEL = 0;
				GCC_PREPROCESSOR_DEFINITIONS = (
					"DEBUG=1",
					"$(inherited)",
				);
				GCC_WARN_64_TO_32_BIT_CONVERSION = YES;
				GCC_WARN_ABOUT_RETURN_TYPE = YES_ERROR;
				GCC_WARN_UNDECLARED_SELECTOR = YES;
				GCC_WARN_UNINITIALIZED_AUTOS = YES_AGGRESSIVE;
				GCC_WARN_UNUSED_FUNCTION = YES;
				GCC_WARN_UNUSED_VARIABLE = YES;
				IPHONEOS_DEPLOYMENT_TARGET = 15.2;
				MTL_ENABLE_DEBUG_INFO = INCLUDE_SOURCE;
				MTL_FAST_MATH = YES;
				ONLY_ACTIVE_ARCH = YES;
				SDKROOT = iphoneos;
				SWIFT_ACTIVE_COMPILATION_CONDITIONS = DEBUG;
				SWIFT_OPTIMIZATION_LEVEL = "-Onone";
			};
			name = Debug;
		};
		3F02347B27F1CE8000E508C1 /* Release */ = {
			isa = XCBuildConfiguration;
			buildSettings = {
				ALWAYS_SEARCH_USER_PATHS = NO;
				CLANG_ANALYZER_NONNULL = YES;
				CLANG_ANALYZER_NUMBER_OBJECT_CONVERSION = YES_AGGRESSIVE;
				CLANG_CXX_LANGUAGE_STANDARD = "gnu++17";
				CLANG_CXX_LIBRARY = "libc++";
				CLANG_ENABLE_MODULES = YES;
				CLANG_ENABLE_OBJC_ARC = YES;
				CLANG_ENABLE_OBJC_WEAK = YES;
				CLANG_WARN_BLOCK_CAPTURE_AUTORELEASING = YES;
				CLANG_WARN_BOOL_CONVERSION = YES;
				CLANG_WARN_COMMA = YES;
				CLANG_WARN_CONSTANT_CONVERSION = YES;
				CLANG_WARN_DEPRECATED_OBJC_IMPLEMENTATIONS = YES;
				CLANG_WARN_DIRECT_OBJC_ISA_USAGE = YES_ERROR;
				CLANG_WARN_DOCUMENTATION_COMMENTS = YES;
				CLANG_WARN_EMPTY_BODY = YES;
				CLANG_WARN_ENUM_CONVERSION = YES;
				CLANG_WARN_INFINITE_RECURSION = YES;
				CLANG_WARN_INT_CONVERSION = YES;
				CLANG_WARN_NON_LITERAL_NULL_CONVERSION = YES;
				CLANG_WARN_OBJC_IMPLICIT_RETAIN_SELF = YES;
				CLANG_WARN_OBJC_LITERAL_CONVERSION = YES;
				CLANG_WARN_OBJC_ROOT_CLASS = YES_ERROR;
				CLANG_WARN_QUOTED_INCLUDE_IN_FRAMEWORK_HEADER = YES;
				CLANG_WARN_RANGE_LOOP_ANALYSIS = YES;
				CLANG_WARN_STRICT_PROTOTYPES = YES;
				CLANG_WARN_SUSPICIOUS_MOVE = YES;
				CLANG_WARN_UNGUARDED_AVAILABILITY = YES_AGGRESSIVE;
				CLANG_WARN_UNREACHABLE_CODE = YES;
				CLANG_WARN__DUPLICATE_METHOD_MATCH = YES;
				COPY_PHASE_STRIP = NO;
				DEBUG_INFORMATION_FORMAT = "dwarf-with-dsym";
				ENABLE_NS_ASSERTIONS = NO;
				ENABLE_STRICT_OBJC_MSGSEND = YES;
				GCC_C_LANGUAGE_STANDARD = gnu11;
				GCC_NO_COMMON_BLOCKS = YES;
				GCC_WARN_64_TO_32_BIT_CONVERSION = YES;
				GCC_WARN_ABOUT_RETURN_TYPE = YES_ERROR;
				GCC_WARN_UNDECLARED_SELECTOR = YES;
				GCC_WARN_UNINITIALIZED_AUTOS = YES_AGGRESSIVE;
				GCC_WARN_UNUSED_FUNCTION = YES;
				GCC_WARN_UNUSED_VARIABLE = YES;
				IPHONEOS_DEPLOYMENT_TARGET = 15.2;
				MTL_ENABLE_DEBUG_INFO = NO;
				MTL_FAST_MATH = YES;
				SDKROOT = iphoneos;
				SWIFT_COMPILATION_MODE = wholemodule;
				SWIFT_OPTIMIZATION_LEVEL = "-O";
				VALIDATE_PRODUCT = YES;
			};
			name = Release;
		};
		3F02347D27F1CE8000E508C1 /* Debug */ = {
			isa = XCBuildConfiguration;
			buildSettings = {
				ASSETCATALOG_COMPILER_APPICON_NAME = AppIcon;
				ASSETCATALOG_COMPILER_GLOBAL_ACCENT_COLOR_NAME = AccentColor;
				CODE_SIGN_STYLE = Automatic;
				CURRENT_PROJECT_VERSION = 1;
				GENERATE_INFOPLIST_FILE = YES;
				INFOPLIST_FILE = StackViewController/Info.plist;
				INFOPLIST_KEY_UIApplicationSupportsIndirectInputEvents = YES;
				INFOPLIST_KEY_UILaunchStoryboardName = LaunchScreen;
				INFOPLIST_KEY_UIMainStoryboardFile = Main;
				INFOPLIST_KEY_UISupportedInterfaceOrientations_iPad = "UIInterfaceOrientationPortrait UIInterfaceOrientationPortraitUpsideDown UIInterfaceOrientationLandscapeLeft UIInterfaceOrientationLandscapeRight";
				INFOPLIST_KEY_UISupportedInterfaceOrientations_iPhone = "UIInterfaceOrientationPortrait UIInterfaceOrientationLandscapeLeft UIInterfaceOrientationLandscapeRight";
				LD_RUNPATH_SEARCH_PATHS = (
					"$(inherited)",
					"@executable_path/Frameworks",
				);
				MARKETING_VERSION = 1.0;
				PRODUCT_BUNDLE_IDENTIFIER = com.example.StackViewController;
				PRODUCT_NAME = "$(TARGET_NAME)";
				SWIFT_EMIT_LOC_STRINGS = YES;
				SWIFT_VERSION = 5.0;
				TARGETED_DEVICE_FAMILY = "1,2";
			};
			name = Debug;
		};
		3F02347E27F1CE8000E508C1 /* Release */ = {
			isa = XCBuildConfiguration;
			buildSettings = {
				ASSETCATALOG_COMPILER_APPICON_NAME = AppIcon;
				ASSETCATALOG_COMPILER_GLOBAL_ACCENT_COLOR_NAME = AccentColor;
				CODE_SIGN_STYLE = Automatic;
				CURRENT_PROJECT_VERSION = 1;
				GENERATE_INFOPLIST_FILE = YES;
				INFOPLIST_FILE = StackViewController/Info.plist;
				INFOPLIST_KEY_UIApplicationSupportsIndirectInputEvents = YES;
				INFOPLIST_KEY_UILaunchStoryboardName = LaunchScreen;
				INFOPLIST_KEY_UIMainStoryboardFile = Main;
				INFOPLIST_KEY_UISupportedInterfaceOrientations_iPad = "UIInterfaceOrientationPortrait UIInterfaceOrientationPortraitUpsideDown UIInterfaceOrientationLandscapeLeft UIInterfaceOrientationLandscapeRight";
				INFOPLIST_KEY_UISupportedInterfaceOrientations_iPhone = "UIInterfaceOrientationPortrait UIInterfaceOrientationLandscapeLeft UIInterfaceOrientationLandscapeRight";
				LD_RUNPATH_SEARCH_PATHS = (
					"$(inherited)",
					"@executable_path/Frameworks",
				);
				MARKETING_VERSION = 1.0;
				PRODUCT_BUNDLE_IDENTIFIER = com.example.StackViewController;
				PRODUCT_NAME = "$(TARGET_NAME)";
				SWIFT_EMIT_LOC_STRINGS = YES;
				SWIFT_VERSION = 5.0;
				TARGETED_DEVICE_FAMILY = "1,2";
			};
			name = Release;
		};
		3F02348027F1CE8000E508C1 /* Debug */ = {
			isa = XCBuildConfiguration;
			buildSettings = {
				ALWAYS_EMBED_SWIFT_STANDARD_LIBRARIES = YES;
				BUNDLE_LOADER = "$(TEST_HOST)";
				CODE_SIGN_STYLE = Automatic;
				CURRENT_PROJECT_VERSION = 1;
				GENERATE_INFOPLIST_FILE = YES;
				IPHONEOS_DEPLOYMENT_TARGET = 15.2;
				MARKETING_VERSION = 1.0;
				PRODUCT_BUNDLE_IDENTIFIER = com.example.StackViewControllerTests;
				PRODUCT_NAME = "$(TARGET_NAME)";
				SWIFT_EMIT_LOC_STRINGS = NO;
				SWIFT_VERSION = 5.0;
				TARGETED_DEVICE_FAMILY = "1,2";
				TEST_HOST = "$(BUILT_PRODUCTS_DIR)/StackViewController.app/StackViewController";
			};
			name = Debug;
		};
		3F02348127F1CE8000E508C1 /* Release */ = {
			isa = XCBuildConfiguration;
			buildSettings = {
				ALWAYS_EMBED_SWIFT_STANDARD_LIBRARIES = YES;
				BUNDLE_LOADER = "$(TEST_HOST)";
				CODE_SIGN_STYLE = Automatic;
				CURRENT_PROJECT_VERSION = 1;
				GENERATE_INFOPLIST_FILE = YES;
				IPHONEOS_DEPLOYMENT_TARGET = 15.2;
				MARKETING_VERSION = 1.0;
				PRODUCT_BUNDLE_IDENTIFIER = com.example.StackViewControllerTests;
				PRODUCT_NAME = "$(TARGET_NAME)";
				SWIFT_EMIT_LOC_STRINGS = NO;
				SWIFT_VERSION = 5.0;
				TARGETED_DEVICE_FAMILY = "1,2";
				TEST_HOST = "$(BUILT_PRODUCTS_DIR)/StackViewController.app/StackViewController";
			};
			name = Release;
		};
		3F02348327F1CE8000E508C1 /* Debug */ = {
			isa = XCBuildConfiguration;
			buildSettings = {
				ALWAYS_EMBED_SWIFT_STANDARD_LIBRARIES = YES;
				CODE_SIGN_STYLE = Automatic;
				CURRENT_PROJECT_VERSION = 1;
				GENERATE_INFOPLIST_FILE = YES;
				MARKETING_VERSION = 1.0;
				PRODUCT_BUNDLE_IDENTIFIER = com.example.StackViewControllerUITests;
				PRODUCT_NAME = "$(TARGET_NAME)";
				SWIFT_EMIT_LOC_STRINGS = NO;
				SWIFT_VERSION = 5.0;
				TARGETED_DEVICE_FAMILY = "1,2";
				TEST_TARGET_NAME = StackViewController;
			};
			name = Debug;
		};
		3F02348427F1CE8000E508C1 /* Release */ = {
			isa = XCBuildConfiguration;
			buildSettings = {
				ALWAYS_EMBED_SWIFT_STANDARD_LIBRARIES = YES;
				CODE_SIGN_STYLE = Automatic;
				CURRENT_PROJECT_VERSION = 1;
				GENERATE_INFOPLIST_FILE = YES;
				MARKETING_VERSION = 1.0;
				PRODUCT_BUNDLE_IDENTIFIER = com.example.StackViewControllerUITests;
				PRODUCT_NAME = "$(TARGET_NAME)";
				SWIFT_EMIT_LOC_STRINGS = NO;
				SWIFT_VERSION = 5.0;
				TARGETED_DEVICE_FAMILY = "1,2";
				TEST_TARGET_NAME = StackViewController;
			};
			name = Release;
		};
/* End XCBuildConfiguration section */

/* Begin XCConfigurationList section */
		3F02344D27F1CE7F00E508C1 /* Build configuration list for PBXProject "StackViewController" */ = {
			isa = XCConfigurationList;
			buildConfigurations = (
				3F02347A27F1CE8000E508C1 /* Debug */,
				3F02347B27F1CE8000E508C1 /* Release */,
			);
			defaultConfigurationIsVisible = 0;
			defaultConfigurationName = Release;
		};
		3F02347C27F1CE8000E508C1 /* Build configuration list for PBXNativeTarget "StackViewController" */ = {
			isa = XCConfigurationList;
			buildConfigurations = (
				3F02347D27F1CE8000E508C1 /* Debug */,
				3F02347E27F1CE8000E508C1 /* Release */,
			);
			defaultConfigurationIsVisible = 0;
			defaultConfigurationName = Release;
		};
		3F02347F27F1CE8000E508C1 /* Build configuration list for PBXNativeTarget "StackViewControllerTests" */ = {
			isa = XCConfigurationList;
			buildConfigurations = (
				3F02348027F1CE8000E508C1 /* Debug */,
				3F02348127F1CE8000E508C1 /* Release */,
			);
			defaultConfigurationIsVisible = 0;
			defaultConfigurationName = Release;
		};
		3F02348227F1CE8000E508C1 /* Build configuration list for PBXNativeTarget "StackViewControllerUITests" */ = {
			isa = XCConfigurationList;
			buildConfigurations = (
				3F02348327F1CE8000E508C1 /* Debug */,
				3F02348427F1CE8000E508C1 /* Release */,
			);
			defaultConfigurationIsVisible = 0;
			defaultConfigurationName = Release;
		};
/* End XCConfigurationList section */
	};
	rootObject = 3F02344A27F1CE7F00E508C1 /* Project object */;
}
