// !$*UTF8*$!
{
	archiveVersion = 1;
	classes = {
	};
	objectVersion = 55;
	objects = {

/* Begin PBXBuildFile section */
		3F02349227F1DA4100E508C1 /* AppDelegate.swift in Sources */ = {isa = PBXBuildFile; fileRef = 3F02349127F1DA4100E508C1 /* AppDelegate.swift */; };
		3F02349427F1DA4100E508C1 /* SceneDelegate.swift in Sources */ = {isa = PBXBuildFile; fileRef = 3F02349327F1DA4100E508C1 /* SceneDelegate.swift */; };
		3F02349627F1DA4100E508C1 /* ViewController.swift in Sources */ = {isa = PBXBuildFile; fileRef = 3F02349527F1DA4100E508C1 /* ViewController.swift */; };
		3F02349927F1DA4100E508C1 /* Main.storyboard in Resources */ = {isa = PBXBuildFile; fileRef = 3F02349727F1DA4100E508C1 /* Main.storyboard */; };
		3F02349B27F1DA4200E508C1 /* Assets.xcassets in Resources */ = {isa = PBXBuildFile; fileRef = 3F02349A27F1DA4200E508C1 /* Assets.xcassets */; };
		3F02349E27F1DA4200E508C1 /* LaunchScreen.storyboard in Resources */ = {isa = PBXBuildFile; fileRef = 3F02349C27F1DA4200E508C1 /* LaunchScreen.storyboard */; };
		3F0234A927F1DA4200E508C1 /* TableViewControllerTests.swift in Sources */ = {isa = PBXBuildFile; fileRef = 3F0234A827F1DA4200E508C1 /* TableViewControllerTests.swift */; };
		3F0234B327F1DA4200E508C1 /* TableViewControllerUITests.swift in Sources */ = {isa = PBXBuildFile; fileRef = 3F0234B227F1DA4200E508C1 /* TableViewControllerUITests.swift */; };
		3F0234B527F1DA4200E508C1 /* TableViewControllerUITestsLaunchTests.swift in Sources */ = {isa = PBXBuildFile; fileRef = 3F0234B427F1DA4200E508C1 /* TableViewControllerUITestsLaunchTests.swift */; };
		3F0234C327F1DF6D00E508C1 /* CellModel.swift in Sources */ = {isa = PBXBuildFile; fileRef = 3F0234C227F1DF6D00E508C1 /* CellModel.swift */; };
		3F0234C527F1DFE600E508C1 /* TableViewCell.swift in Sources */ = {isa = PBXBuildFile; fileRef = 3F0234C427F1DFE600E508C1 /* TableViewCell.swift */; };
/* End PBXBuildFile section */

/* Begin PBXContainerItemProxy section */
		3F0234A527F1DA4200E508C1 /* PBXContainerItemProxy */ = {
			isa = PBXContainerItemProxy;
			containerPortal = 3F02348627F1DA4100E508C1 /* Project object */;
			proxyType = 1;
			remoteGlobalIDString = 3F02348D27F1DA4100E508C1;
			remoteInfo = TableViewController;
		};
		3F0234AF27F1DA4200E508C1 /* PBXContainerItemProxy */ = {
			isa = PBXContainerItemProxy;
			containerPortal = 3F02348627F1DA4100E508C1 /* Project object */;
			proxyType = 1;
			remoteGlobalIDString = 3F02348D27F1DA4100E508C1;
			remoteInfo = TableViewController;
		};
/* End PBXContainerItemProxy section */

/* Begin PBXFileReference section */
		3F02348E27F1DA4100E508C1 /* TableViewController.app */ = {isa = PBXFileReference; explicitFileType = wrapper.application; includeInIndex = 0; path = TableViewController.app; sourceTree = BUILT_PRODUCTS_DIR; };
		3F02349127F1DA4100E508C1 /* AppDelegate.swift */ = {isa = PBXFileReference; lastKnownFileType = sourcecode.swift; path = AppDelegate.swift; sourceTree = "<group>"; };
		3F02349327F1DA4100E508C1 /* SceneDelegate.swift */ = {isa = PBXFileReference; lastKnownFileType = sourcecode.swift; path = SceneDelegate.swift; sourceTree = "<group>"; };
		3F02349527F1DA4100E508C1 /* ViewController.swift */ = {isa = PBXFileReference; lastKnownFileType = sourcecode.swift; path = ViewController.swift; sourceTree = "<group>"; };
		3F02349827F1DA4100E508C1 /* Base */ = {isa = PBXFileReference; lastKnownFileType = file.storyboard; name = Base; path = Base.lproj/Main.storyboard; sourceTree = "<group>"; };
		3F02349A27F1DA4200E508C1 /* Assets.xcassets */ = {isa = PBXFileReference; lastKnownFileType = folder.assetcatalog; path = Assets.xcassets; sourceTree = "<group>"; };
		3F02349D27F1DA4200E508C1 /* Base */ = {isa = PBXFileReference; lastKnownFileType = file.storyboard; name = Base; path = Base.lproj/LaunchScreen.storyboard; sourceTree = "<group>"; };
		3F02349F27F1DA4200E508C1 /* Info.plist */ = {isa = PBXFileReference; lastKnownFileType = text.plist.xml; path = Info.plist; sourceTree = "<group>"; };
		3F0234A427F1DA4200E508C1 /* TableViewControllerTests.xctest */ = {isa = PBXFileReference; explicitFileType = wrapper.cfbundle; includeInIndex = 0; path = TableViewControllerTests.xctest; sourceTree = BUILT_PRODUCTS_DIR; };
		3F0234A827F1DA4200E508C1 /* TableViewControllerTests.swift */ = {isa = PBXFileReference; lastKnownFileType = sourcecode.swift; path = TableViewControllerTests.swift; sourceTree = "<group>"; };
		3F0234AE27F1DA4200E508C1 /* TableViewControllerUITests.xctest */ = {isa = PBXFileReference; explicitFileType = wrapper.cfbundle; includeInIndex = 0; path = TableViewControllerUITests.xctest; sourceTree = BUILT_PRODUCTS_DIR; };
		3F0234B227F1DA4200E508C1 /* TableViewControllerUITests.swift */ = {isa = PBXFileReference; lastKnownFileType = sourcecode.swift; path = TableViewControllerUITests.swift; sourceTree = "<group>"; };
		3F0234B427F1DA4200E508C1 /* TableViewControllerUITestsLaunchTests.swift */ = {isa = PBXFileReference; lastKnownFileType = sourcecode.swift; path = TableViewControllerUITestsLaunchTests.swift; sourceTree = "<group>"; };
		3F0234C227F1DF6D00E508C1 /* CellModel.swift */ = {isa = PBXFileReference; lastKnownFileType = sourcecode.swift; path = CellModel.swift; sourceTree = "<group>"; };
		3F0234C427F1DFE600E508C1 /* TableViewCell.swift */ = {isa = PBXFileReference; lastKnownFileType = sourcecode.swift; path = TableViewCell.swift; sourceTree = "<group>"; };
/* End PBXFileReference section */

/* Begin PBXFrameworksBuildPhase section */
		3F02348B27F1DA4100E508C1 /* Frameworks */ = {
			isa = PBXFrameworksBuildPhase;
			buildActionMask = 2147483647;
			files = (
			);
			runOnlyForDeploymentPostprocessing = 0;
		};
		3F0234A127F1DA4200E508C1 /* Frameworks */ = {
			isa = PBXFrameworksBuildPhase;
			buildActionMask = 2147483647;
			files = (
			);
			runOnlyForDeploymentPostprocessing = 0;
		};
		3F0234AB27F1DA4200E508C1 /* Frameworks */ = {
			isa = PBXFrameworksBuildPhase;
			buildActionMask = 2147483647;
			files = (
			);
			runOnlyForDeploymentPostprocessing = 0;
		};
/* End PBXFrameworksBuildPhase section */

/* Begin PBXGroup section */
		3F02348527F1DA4100E508C1 = {
			isa = PBXGroup;
			children = (
				3F02349027F1DA4100E508C1 /* TableViewController */,
				3F0234A727F1DA4200E508C1 /* TableViewControllerTests */,
				3F0234B127F1DA4200E508C1 /* TableViewControllerUITests */,
				3F02348F27F1DA4100E508C1 /* Products */,
			);
			sourceTree = "<group>";
		};
		3F02348F27F1DA4100E508C1 /* Products */ = {
			isa = PBXGroup;
			children = (
				3F02348E27F1DA4100E508C1 /* TableViewController.app */,
				3F0234A427F1DA4200E508C1 /* TableViewControllerTests.xctest */,
				3F0234AE27F1DA4200E508C1 /* TableViewControllerUITests.xctest */,
			);
			name = Products;
			sourceTree = "<group>";
		};
		3F02349027F1DA4100E508C1 /* TableViewController */ = {
			isa = PBXGroup;
			children = (
				3F02349127F1DA4100E508C1 /* AppDelegate.swift */,
				3F02349327F1DA4100E508C1 /* SceneDelegate.swift */,
				3F02349727F1DA4100E508C1 /* Main.storyboard */,
				3F02349A27F1DA4200E508C1 /* Assets.xcassets */,
				3F02349C27F1DA4200E508C1 /* LaunchScreen.storyboard */,
				3F02349F27F1DA4200E508C1 /* Info.plist */,
				3F02349527F1DA4100E508C1 /* ViewController.swift */,
				3F0234C227F1DF6D00E508C1 /* CellModel.swift */,
				3F0234C427F1DFE600E508C1 /* TableViewCell.swift */,
			);
			path = TableViewController;
			sourceTree = "<group>";
		};
		3F0234A727F1DA4200E508C1 /* TableViewControllerTests */ = {
			isa = PBXGroup;
			children = (
				3F0234A827F1DA4200E508C1 /* TableViewControllerTests.swift */,
			);
			path = TableViewControllerTests;
			sourceTree = "<group>";
		};
		3F0234B127F1DA4200E508C1 /* TableViewControllerUITests */ = {
			isa = PBXGroup;
			children = (
				3F0234B227F1DA4200E508C1 /* TableViewControllerUITests.swift */,
				3F0234B427F1DA4200E508C1 /* TableViewControllerUITestsLaunchTests.swift */,
			);
			path = TableViewControllerUITests;
			sourceTree = "<group>";
		};
/* End PBXGroup section */

/* Begin PBXNativeTarget section */
		3F02348D27F1DA4100E508C1 /* TableViewController */ = {
			isa = PBXNativeTarget;
			buildConfigurationList = 3F0234B827F1DA4200E508C1 /* Build configuration list for PBXNativeTarget "TableViewController" */;
			buildPhases = (
				3F02348A27F1DA4100E508C1 /* Sources */,
				3F02348B27F1DA4100E508C1 /* Frameworks */,
				3F02348C27F1DA4100E508C1 /* Resources */,
			);
			buildRules = (
			);
			dependencies = (
			);
			name = TableViewController;
			productName = TableViewController;
			productReference = 3F02348E27F1DA4100E508C1 /* TableViewController.app */;
			productType = "com.apple.product-type.application";
		};
		3F0234A327F1DA4200E508C1 /* TableViewControllerTests */ = {
			isa = PBXNativeTarget;
			buildConfigurationList = 3F0234BB27F1DA4200E508C1 /* Build configuration list for PBXNativeTarget "TableViewControllerTests" */;
			buildPhases = (
				3F0234A027F1DA4200E508C1 /* Sources */,
				3F0234A127F1DA4200E508C1 /* Frameworks */,
				3F0234A227F1DA4200E508C1 /* Resources */,
			);
			buildRules = (
			);
			dependencies = (
				3F0234A627F1DA4200E508C1 /* PBXTargetDependency */,
			);
			name = TableViewControllerTests;
			productName = TableViewControllerTests;
			productReference = 3F0234A427F1DA4200E508C1 /* TableViewControllerTests.xctest */;
			productType = "com.apple.product-type.bundle.unit-test";
		};
		3F0234AD27F1DA4200E508C1 /* TableViewControllerUITests */ = {
			isa = PBXNativeTarget;
			buildConfigurationList = 3F0234BE27F1DA4200E508C1 /* Build configuration list for PBXNativeTarget "TableViewControllerUITests" */;
			buildPhases = (
				3F0234AA27F1DA4200E508C1 /* Sources */,
				3F0234AB27F1DA4200E508C1 /* Frameworks */,
				3F0234AC27F1DA4200E508C1 /* Resources */,
			);
			buildRules = (
			);
			dependencies = (
				3F0234B027F1DA4200E508C1 /* PBXTargetDependency */,
			);
			name = TableViewControllerUITests;
			productName = TableViewControllerUITests;
			productReference = 3F0234AE27F1DA4200E508C1 /* TableViewControllerUITests.xctest */;
			productType = "com.apple.product-type.bundle.ui-testing";
		};
/* End PBXNativeTarget section */

/* Begin PBXProject section */
		3F02348627F1DA4100E508C1 /* Project object */ = {
			isa = PBXProject;
			attributes = {
				BuildIndependentTargetsInParallel = 1;
				LastSwiftUpdateCheck = 1320;
				LastUpgradeCheck = 1320;
				TargetAttributes = {
					3F02348D27F1DA4100E508C1 = {
						CreatedOnToolsVersion = 13.2.1;
					};
					3F0234A327F1DA4200E508C1 = {
						CreatedOnToolsVersion = 13.2.1;
						TestTargetID = 3F02348D27F1DA4100E508C1;
					};
					3F0234AD27F1DA4200E508C1 = {
						CreatedOnToolsVersion = 13.2.1;
						TestTargetID = 3F02348D27F1DA4100E508C1;
					};
				};
			};
			buildConfigurationList = 3F02348927F1DA4100E508C1 /* Build configuration list for PBXProject "TableViewController" */;
			compatibilityVersion = "Xcode 13.0";
			developmentRegion = en;
			hasScannedForEncodings = 0;
			knownRegions = (
				en,
				Base,
			);
			mainGroup = 3F02348527F1DA4100E508C1;
			productRefGroup = 3F02348F27F1DA4100E508C1 /* Products */;
			projectDirPath = "";
			projectRoot = "";
			targets = (
				3F02348D27F1DA4100E508C1 /* TableViewController */,
				3F0234A327F1DA4200E508C1 /* TableViewControllerTests */,
				3F0234AD27F1DA4200E508C1 /* TableViewControllerUITests */,
			);
		};
/* End PBXProject section */

/* Begin PBXResourcesBuildPhase section */
		3F02348C27F1DA4100E508C1 /* Resources */ = {
			isa = PBXResourcesBuildPhase;
			buildActionMask = 2147483647;
			files = (
				3F02349E27F1DA4200E508C1 /* LaunchScreen.storyboard in Resources */,
				3F02349B27F1DA4200E508C1 /* Assets.xcassets in Resources */,
				3F02349927F1DA4100E508C1 /* Main.storyboard in Resources */,
			);
			runOnlyForDeploymentPostprocessing = 0;
		};
		3F0234A227F1DA4200E508C1 /* Resources */ = {
			isa = PBXResourcesBuildPhase;
			buildActionMask = 2147483647;
			files = (
			);
			runOnlyForDeploymentPostprocessing = 0;
		};
		3F0234AC27F1DA4200E508C1 /* Resources */ = {
			isa = PBXResourcesBuildPhase;
			buildActionMask = 2147483647;
			files = (
			);
			runOnlyForDeploymentPostprocessing = 0;
		};
/* End PBXResourcesBuildPhase section */

/* Begin PBXSourcesBuildPhase section */
		3F02348A27F1DA4100E508C1 /* Sources */ = {
			isa = PBXSourcesBuildPhase;
			buildActionMask = 2147483647;
			files = (
				3F0234C527F1DFE600E508C1 /* TableViewCell.swift in Sources */,
				3F02349627F1DA4100E508C1 /* ViewController.swift in Sources */,
				3F02349227F1DA4100E508C1 /* AppDelegate.swift in Sources */,
				3F02349427F1DA4100E508C1 /* SceneDelegate.swift in Sources */,
				3F0234C327F1DF6D00E508C1 /* CellModel.swift in Sources */,
			);
			runOnlyForDeploymentPostprocessing = 0;
		};
		3F0234A027F1DA4200E508C1 /* Sources */ = {
			isa = PBXSourcesBuildPhase;
			buildActionMask = 2147483647;
			files = (
				3F0234A927F1DA4200E508C1 /* TableViewControllerTests.swift in Sources */,
			);
			runOnlyForDeploymentPostprocessing = 0;
		};
		3F0234AA27F1DA4200E508C1 /* Sources */ = {
			isa = PBXSourcesBuildPhase;
			buildActionMask = 2147483647;
			files = (
				3F0234B527F1DA4200E508C1 /* TableViewControllerUITestsLaunchTests.swift in Sources */,
				3F0234B327F1DA4200E508C1 /* TableViewControllerUITests.swift in Sources */,
			);
			runOnlyForDeploymentPostprocessing = 0;
		};
/* End PBXSourcesBuildPhase section */

/* Begin PBXTargetDependency section */
		3F0234A627F1DA4200E508C1 /* PBXTargetDependency */ = {
			isa = PBXTargetDependency;
			target = 3F02348D27F1DA4100E508C1 /* TableViewController */;
			targetProxy = 3F0234A527F1DA4200E508C1 /* PBXContainerItemProxy */;
		};
		3F0234B027F1DA4200E508C1 /* PBXTargetDependency */ = {
			isa = PBXTargetDependency;
			target = 3F02348D27F1DA4100E508C1 /* TableViewController */;
			targetProxy = 3F0234AF27F1DA4200E508C1 /* PBXContainerItemProxy */;
		};
/* End PBXTargetDependency section */

/* Begin PBXVariantGroup section */
		3F02349727F1DA4100E508C1 /* Main.storyboard */ = {
			isa = PBXVariantGroup;
			children = (
				3F02349827F1DA4100E508C1 /* Base */,
			);
			name = Main.storyboard;
			sourceTree = "<group>";
		};
		3F02349C27F1DA4200E508C1 /* LaunchScreen.storyboard */ = {
			isa = PBXVariantGroup;
			children = (
				3F02349D27F1DA4200E508C1 /* Base */,
			);
			name = LaunchScreen.storyboard;
			sourceTree = "<group>";
		};
/* End PBXVariantGroup section */

/* Begin XCBuildConfiguration section */
		3F0234B627F1DA4200E508C1 /* Debug */ = {
			isa = XCBuildConfiguration;
			buildSettings = {
				ALWAYS_SEARCH_USER_PATHS = NO;
				CLANG_ANALYZER_NONNULL = YES;
				CLANG_ANALYZER_NUMBER_OBJECT_CONVERSION = YES_AGGRESSIVE;
				CLANG_CXX_LANGUAGE_STANDARD = "gnu++17";
				CLANG_CXX_LIBRARY = "libc++";
				CLANG_ENABLE_MODULES = YES;
				CLANG_ENABLE_OBJC_ARC = YES;
				CLANG_ENABLE_OBJC_WEAK = YES;
				CLANG_WARN_BLOCK_CAPTURE_AUTORELEASING = YES;
				CLANG_WARN_BOOL_CONVERSION = YES;
				CLANG_WARN_COMMA = YES;
				CLANG_WARN_CONSTANT_CONVERSION = YES;
				CLANG_WARN_DEPRECATED_OBJC_IMPLEMENTATIONS = YES;
				CLANG_WARN_DIRECT_OBJC_ISA_USAGE = YES_ERROR;
				CLANG_WARN_DOCUMENTATION_COMMENTS = YES;
				CLANG_WARN_EMPTY_BODY = YES;
				CLANG_WARN_ENUM_CONVERSION = YES;
				CLANG_WARN_INFINITE_RECURSION = YES;
				CLANG_WARN_INT_CONVERSION = YES;
				CLANG_WARN_NON_LITERAL_NULL_CONVERSION = YES;
				CLANG_WARN_OBJC_IMPLICIT_RETAIN_SELF = YES;
				CLANG_WARN_OBJC_LITERAL_CONVERSION = YES;
				CLANG_WARN_OBJC_ROOT_CLASS = YES_ERROR;
				CLANG_WARN_QUOTED_INCLUDE_IN_FRAMEWORK_HEADER = YES;
				CLANG_WARN_RANGE_LOOP_ANALYSIS = YES;
				CLANG_WARN_STRICT_PROTOTYPES = YES;
				CLANG_WARN_SUSPICIOUS_MOVE = YES;
				CLANG_WARN_UNGUARDED_AVAILABILITY = YES_AGGRESSIVE;
				CLANG_WARN_UNREACHABLE_CODE = YES;
				CLANG_WARN__DUPLICATE_METHOD_MATCH = YES;
				COPY_PHASE_STRIP = NO;
				DEBUG_INFORMATION_FORMAT = dwarf;
				ENABLE_STRICT_OBJC_MSGSEND = YES;
				ENABLE_TESTABILITY = YES;
				GCC_C_LANGUAGE_STANDARD = gnu11;
				GCC_DYNAMIC_NO_PIC = NO;
				GCC_NO_COMMON_BLOCKS = YES;
				GCC_OPTIMIZATION_LEVEL = 0;
				GCC_PREPROCESSOR_DEFINITIONS = (
					"DEBUG=1",
					"$(inherited)",
				);
				GCC_WARN_64_TO_32_BIT_CONVERSION = YES;
				GCC_WARN_ABOUT_RETURN_TYPE = YES_ERROR;
				GCC_WARN_UNDECLARED_SELECTOR = YES;
				GCC_WARN_UNINITIALIZED_AUTOS = YES_AGGRESSIVE;
				GCC_WARN_UNUSED_FUNCTION = YES;
				GCC_WARN_UNUSED_VARIABLE = YES;
				IPHONEOS_DEPLOYMENT_TARGET = 15.2;
				MTL_ENABLE_DEBUG_INFO = INCLUDE_SOURCE;
				MTL_FAST_MATH = YES;
				ONLY_ACTIVE_ARCH = YES;
				SDKROOT = iphoneos;
				SWIFT_ACTIVE_COMPILATION_CONDITIONS = DEBUG;
				SWIFT_OPTIMIZATION_LEVEL = "-Onone";
			};
			name = Debug;
		};
		3F0234B727F1DA4200E508C1 /* Release */ = {
			isa = XCBuildConfiguration;
			buildSettings = {
				ALWAYS_SEARCH_USER_PATHS = NO;
				CLANG_ANALYZER_NONNULL = YES;
				CLANG_ANALYZER_NUMBER_OBJECT_CONVERSION = YES_AGGRESSIVE;
				CLANG_CXX_LANGUAGE_STANDARD = "gnu++17";
				CLANG_CXX_LIBRARY = "libc++";
				CLANG_ENABLE_MODULES = YES;
				CLANG_ENABLE_OBJC_ARC = YES;
				CLANG_ENABLE_OBJC_WEAK = YES;
				CLANG_WARN_BLOCK_CAPTURE_AUTORELEASING = YES;
				CLANG_WARN_BOOL_CONVERSION = YES;
				CLANG_WARN_COMMA = YES;
				CLANG_WARN_CONSTANT_CONVERSION = YES;
				CLANG_WARN_DEPRECATED_OBJC_IMPLEMENTATIONS = YES;
				CLANG_WARN_DIRECT_OBJC_ISA_USAGE = YES_ERROR;
				CLANG_WARN_DOCUMENTATION_COMMENTS = YES;
				CLANG_WARN_EMPTY_BODY = YES;
				CLANG_WARN_ENUM_CONVERSION = YES;
				CLANG_WARN_INFINITE_RECURSION = YES;
				CLANG_WARN_INT_CONVERSION = YES;
				CLANG_WARN_NON_LITERAL_NULL_CONVERSION = YES;
				CLANG_WARN_OBJC_IMPLICIT_RETAIN_SELF = YES;
				CLANG_WARN_OBJC_LITERAL_CONVERSION = YES;
				CLANG_WARN_OBJC_ROOT_CLASS = YES_ERROR;
				CLANG_WARN_QUOTED_INCLUDE_IN_FRAMEWORK_HEADER = YES;
				CLANG_WARN_RANGE_LOOP_ANALYSIS = YES;
				CLANG_WARN_STRICT_PROTOTYPES = YES;
				CLANG_WARN_SUSPICIOUS_MOVE = YES;
				CLANG_WARN_UNGUARDED_AVAILABILITY = YES_AGGRESSIVE;
				CLANG_WARN_UNREACHABLE_CODE = YES;
				CLANG_WARN__DUPLICATE_METHOD_MATCH = YES;
				COPY_PHASE_STRIP = NO;
				DEBUG_INFORMATION_FORMAT = "dwarf-with-dsym";
				ENABLE_NS_ASSERTIONS = NO;
				ENABLE_STRICT_OBJC_MSGSEND = YES;
				GCC_C_LANGUAGE_STANDARD = gnu11;
				GCC_NO_COMMON_BLOCKS = YES;
				GCC_WARN_64_TO_32_BIT_CONVERSION = YES;
				GCC_WARN_ABOUT_RETURN_TYPE = YES_ERROR;
				GCC_WARN_UNDECLARED_SELECTOR = YES;
				GCC_WARN_UNINITIALIZED_AUTOS = YES_AGGRESSIVE;
				GCC_WARN_UNUSED_FUNCTION = YES;
				GCC_WARN_UNUSED_VARIABLE = YES;
				IPHONEOS_DEPLOYMENT_TARGET = 15.2;
				MTL_ENABLE_DEBUG_INFO = NO;
				MTL_FAST_MATH = YES;
				SDKROOT = iphoneos;
				SWIFT_COMPILATION_MODE = wholemodule;
				SWIFT_OPTIMIZATION_LEVEL = "-O";
				VALIDATE_PRODUCT = YES;
			};
			name = Release;
		};
		3F0234B927F1DA4200E508C1 /* Debug */ = {
			isa = XCBuildConfiguration;
			buildSettings = {
				ASSETCATALOG_COMPILER_APPICON_NAME = AppIcon;
				ASSETCATALOG_COMPILER_GLOBAL_ACCENT_COLOR_NAME = AccentColor;
				CODE_SIGN_STYLE = Automatic;
				CURRENT_PROJECT_VERSION = 1;
				GENERATE_INFOPLIST_FILE = YES;
				INFOPLIST_FILE = TableViewController/Info.plist;
				INFOPLIST_KEY_UIApplicationSupportsIndirectInputEvents = YES;
				INFOPLIST_KEY_UILaunchStoryboardName = LaunchScreen;
				INFOPLIST_KEY_UIMainStoryboardFile = Main;
				INFOPLIST_KEY_UISupportedInterfaceOrientations_iPad = "UIInterfaceOrientationPortrait UIInterfaceOrientationPortraitUpsideDown UIInterfaceOrientationLandscapeLeft UIInterfaceOrientationLandscapeRight";
				INFOPLIST_KEY_UISupportedInterfaceOrientations_iPhone = "UIInterfaceOrientationPortrait UIInterfaceOrientationLandscapeLeft UIInterfaceOrientationLandscapeRight";
				LD_RUNPATH_SEARCH_PATHS = (
					"$(inherited)",
					"@executable_path/Frameworks",
				);
				MARKETING_VERSION = 1.0;
				PRODUCT_BUNDLE_IDENTIFIER = com.example.TableViewController;
				PRODUCT_NAME = "$(TARGET_NAME)";
				SWIFT_EMIT_LOC_STRINGS = YES;
				SWIFT_VERSION = 5.0;
				TARGETED_DEVICE_FAMILY = "1,2";
			};
			name = Debug;
		};
		3F0234BA27F1DA4200E508C1 /* Release */ = {
			isa = XCBuildConfiguration;
			buildSettings = {
				ASSETCATALOG_COMPILER_APPICON_NAME = AppIcon;
				ASSETCATALOG_COMPILER_GLOBAL_ACCENT_COLOR_NAME = AccentColor;
				CODE_SIGN_STYLE = Automatic;
				CURRENT_PROJECT_VERSION = 1;
				GENERATE_INFOPLIST_FILE = YES;
				INFOPLIST_FILE = TableViewController/Info.plist;
				INFOPLIST_KEY_UIApplicationSupportsIndirectInputEvents = YES;
				INFOPLIST_KEY_UILaunchStoryboardName = LaunchScreen;
				INFOPLIST_KEY_UIMainStoryboardFile = Main;
				INFOPLIST_KEY_UISupportedInterfaceOrientations_iPad = "UIInterfaceOrientationPortrait UIInterfaceOrientationPortraitUpsideDown UIInterfaceOrientationLandscapeLeft UIInterfaceOrientationLandscapeRight";
				INFOPLIST_KEY_UISupportedInterfaceOrientations_iPhone = "UIInterfaceOrientationPortrait UIInterfaceOrientationLandscapeLeft UIInterfaceOrientationLandscapeRight";
				LD_RUNPATH_SEARCH_PATHS = (
					"$(inherited)",
					"@executable_path/Frameworks",
				);
				MARKETING_VERSION = 1.0;
				PRODUCT_BUNDLE_IDENTIFIER = com.example.TableViewController;
				PRODUCT_NAME = "$(TARGET_NAME)";
				SWIFT_EMIT_LOC_STRINGS = YES;
				SWIFT_VERSION = 5.0;
				TARGETED_DEVICE_FAMILY = "1,2";
			};
			name = Release;
		};
		3F0234BC27F1DA4200E508C1 /* Debug */ = {
			isa = XCBuildConfiguration;
			buildSettings = {
				ALWAYS_EMBED_SWIFT_STANDARD_LIBRARIES = YES;
				BUNDLE_LOADER = "$(TEST_HOST)";
				CODE_SIGN_STYLE = Automatic;
				CURRENT_PROJECT_VERSION = 1;
				GENERATE_INFOPLIST_FILE = YES;
				IPHONEOS_DEPLOYMENT_TARGET = 15.2;
				MARKETING_VERSION = 1.0;
				PRODUCT_BUNDLE_IDENTIFIER = com.example.TableViewControllerTests;
				PRODUCT_NAME = "$(TARGET_NAME)";
				SWIFT_EMIT_LOC_STRINGS = NO;
				SWIFT_VERSION = 5.0;
				TARGETED_DEVICE_FAMILY = "1,2";
				TEST_HOST = "$(BUILT_PRODUCTS_DIR)/TableViewController.app/TableViewController";
			};
			name = Debug;
		};
		3F0234BD27F1DA4200E508C1 /* Release */ = {
			isa = XCBuildConfiguration;
			buildSettings = {
				ALWAYS_EMBED_SWIFT_STANDARD_LIBRARIES = YES;
				BUNDLE_LOADER = "$(TEST_HOST)";
				CODE_SIGN_STYLE = Automatic;
				CURRENT_PROJECT_VERSION = 1;
				GENERATE_INFOPLIST_FILE = YES;
				IPHONEOS_DEPLOYMENT_TARGET = 15.2;
				MARKETING_VERSION = 1.0;
				PRODUCT_BUNDLE_IDENTIFIER = com.example.TableViewControllerTests;
				PRODUCT_NAME = "$(TARGET_NAME)";
				SWIFT_EMIT_LOC_STRINGS = NO;
				SWIFT_VERSION = 5.0;
				TARGETED_DEVICE_FAMILY = "1,2";
				TEST_HOST = "$(BUILT_PRODUCTS_DIR)/TableViewController.app/TableViewController";
			};
			name = Release;
		};
		3F0234BF27F1DA4200E508C1 /* Debug */ = {
			isa = XCBuildConfiguration;
			buildSettings = {
				ALWAYS_EMBED_SWIFT_STANDARD_LIBRARIES = YES;
				CODE_SIGN_STYLE = Automatic;
				CURRENT_PROJECT_VERSION = 1;
				GENERATE_INFOPLIST_FILE = YES;
				MARKETING_VERSION = 1.0;
				PRODUCT_BUNDLE_IDENTIFIER = com.example.TableViewControllerUITests;
				PRODUCT_NAME = "$(TARGET_NAME)";
				SWIFT_EMIT_LOC_STRINGS = NO;
				SWIFT_VERSION = 5.0;
				TARGETED_DEVICE_FAMILY = "1,2";
				TEST_TARGET_NAME = TableViewController;
			};
			name = Debug;
		};
		3F0234C027F1DA4200E508C1 /* Release */ = {
			isa = XCBuildConfiguration;
			buildSettings = {
				ALWAYS_EMBED_SWIFT_STANDARD_LIBRARIES = YES;
				CODE_SIGN_STYLE = Automatic;
				CURRENT_PROJECT_VERSION = 1;
				GENERATE_INFOPLIST_FILE = YES;
				MARKETING_VERSION = 1.0;
				PRODUCT_BUNDLE_IDENTIFIER = com.example.TableViewControllerUITests;
				PRODUCT_NAME = "$(TARGET_NAME)";
				SWIFT_EMIT_LOC_STRINGS = NO;
				SWIFT_VERSION = 5.0;
				TARGETED_DEVICE_FAMILY = "1,2";
				TEST_TARGET_NAME = TableViewController;
			};
			name = Release;
		};
/* End XCBuildConfiguration section */

/* Begin XCConfigurationList section */
		3F02348927F1DA4100E508C1 /* Build configuration list for PBXProject "TableViewController" */ = {
			isa = XCConfigurationList;
			buildConfigurations = (
				3F0234B627F1DA4200E508C1 /* Debug */,
				3F0234B727F1DA4200E508C1 /* Release */,
			);
			defaultConfigurationIsVisible = 0;
			defaultConfigurationName = Release;
		};
		3F0234B827F1DA4200E508C1 /* Build configuration list for PBXNativeTarget "TableViewController" */ = {
			isa = XCConfigurationList;
			buildConfigurations = (
				3F0234B927F1DA4200E508C1 /* Debug */,
				3F0234BA27F1DA4200E508C1 /* Release */,
			);
			defaultConfigurationIsVisible = 0;
			defaultConfigurationName = Release;
		};
		3F0234BB27F1DA4200E508C1 /* Build configuration list for PBXNativeTarget "TableViewControllerTests" */ = {
			isa = XCConfigurationList;
			buildConfigurations = (
				3F0234BC27F1DA4200E508C1 /* Debug */,
				3F0234BD27F1DA4200E508C1 /* Release */,
			);
			defaultConfigurationIsVisible = 0;
			defaultConfigurationName = Release;
		};
		3F0234BE27F1DA4200E508C1 /* Build configuration list for PBXNativeTarget "TableViewControllerUITests" */ = {
			isa = XCConfigurationList;
			buildConfigurations = (
				3F0234BF27F1DA4200E508C1 /* Debug */,
				3F0234C027F1DA4200E508C1 /* Release */,
			);
			defaultConfigurationIsVisible = 0;
			defaultConfigurationName = Release;
		};
/* End XCConfigurationList section */
	};
	rootObject = 3F02348627F1DA4100E508C1 /* Project object */;
}
